
Microsoft Visual Studio Solution File, Format Version 12.00
# Visual Studio 15
VisualStudioVersion = 15.0.26124.0
MinimumVisualStudioVersion = 15.0.26124.0
Project("{FAE04EC0-301F-11D3-BF4B-00C04F79EFBC}") = "BrewHub.Common", "BrewHub.Common\BrewHub.Common.csproj", "{46ABF4EC-F7FB-4AE9-BBE9-68D13CC86263}"
EndProject
Project("{FAE04EC0-301F-11D3-BF4B-00C04F79EFBC}") = "BrewHub.UnitTests", "BrewHub.UnitTests\BrewHub.UnitTests.csproj", "{FE7330F2-46E3-4025-88CC-72C4106DC6A2}"
EndProject
Global
	GlobalSection(SolutionConfigurationPlatforms) = preSolution
		Debug|Any CPU = Debug|Any CPU
		Debug|x64 = Debug|x64
		Debug|x86 = Debug|x86
		Release|Any CPU = Release|Any CPU
		Release|x64 = Release|x64
		Release|x86 = Release|x86
	EndGlobalSection
	GlobalSection(SolutionProperties) = preSolution
		HideSolutionNode = FALSE
	EndGlobalSection
	GlobalSection(ProjectConfigurationPlatforms) = postSolution
		{46ABF4EC-F7FB-4AE9-BBE9-68D13CC86263}.Debug|Any CPU.ActiveCfg = Debug|Any CPU
		{46ABF4EC-F7FB-4AE9-BBE9-68D13CC86263}.Debug|Any CPU.Build.0 = Debug|Any CPU
		{46ABF4EC-F7FB-4AE9-BBE9-68D13CC86263}.Debug|x64.ActiveCfg = Debug|Any CPU
		{46ABF4EC-F7FB-4AE9-BBE9-68D13CC86263}.Debug|x64.Build.0 = Debug|Any CPU
		{46ABF4EC-F7FB-4AE9-BBE9-68D13CC86263}.Debug|x86.ActiveCfg = Debug|Any CPU
		{46ABF4EC-F7FB-4AE9-BBE9-68D13CC86263}.Debug|x86.Build.0 = Debug|Any CPU
		{46ABF4EC-F7FB-4AE9-BBE9-68D13CC86263}.Release|Any CPU.ActiveCfg = Release|Any CPU
		{46ABF4EC-F7FB-4AE9-BBE9-68D13CC86263}.Release|Any CPU.Build.0 = Release|Any CPU
		{46ABF4EC-F7FB-4AE9-BBE9-68D13CC86263}.Release|x64.ActiveCfg = Release|Any CPU
		{46ABF4EC-F7FB-4AE9-BBE9-68D13CC86263}.Release|x64.Build.0 = Release|Any CPU
		{46ABF4EC-F7FB-4AE9-BBE9-68D13CC86263}.Release|x86.ActiveCfg = Release|Any CPU
		{46ABF4EC-F7FB-4AE9-BBE9-68D13CC86263}.Release|x86.Build.0 = Release|Any CPU
		{FE7330F2-46E3-4025-88CC-72C4106DC6A2}.Debug|Any CPU.ActiveCfg = Debug|Any CPU
		{FE7330F2-46E3-4025-88CC-72C4106DC6A2}.Debug|Any CPU.Build.0 = Debug|Any CPU
		{FE7330F2-46E3-4025-88CC-72C4106DC6A2}.Debug|x64.ActiveCfg = Debug|Any CPU
		{FE7330F2-46E3-4025-88CC-72C4106DC6A2}.Debug|x64.Build.0 = Debug|Any CPU
		{FE7330F2-46E3-4025-88CC-72C4106DC6A2}.Debug|x86.ActiveCfg = Debug|Any CPU
		{FE7330F2-46E3-4025-88CC-72C4106DC6A2}.Debug|x86.Build.0 = Debug|Any CPU
		{FE7330F2-46E3-4025-88CC-72C4106DC6A2}.Release|Any CPU.ActiveCfg = Release|Any CPU
		{FE7330F2-46E3-4025-88CC-72C4106DC6A2}.Release|Any CPU.Build.0 = Release|Any CPU
		{FE7330F2-46E3-4025-88CC-72C4106DC6A2}.Release|x64.ActiveCfg = Release|Any CPU
		{FE7330F2-46E3-4025-88CC-72C4106DC6A2}.Release|x64.Build.0 = Release|Any CPU
		{FE7330F2-46E3-4025-88CC-72C4106DC6A2}.Release|x86.ActiveCfg = Release|Any CPU
		{FE7330F2-46E3-4025-88CC-72C4106DC6A2}.Release|x86.Build.0 = Release|Any CPU
	EndGlobalSection
EndGlobal
