
Microsoft Visual Studio Solution File, Format Version 12.00
# Visual Studio Version 16
VisualStudioVersion = 16.0.30804.86
MinimumVisualStudioVersion = 15.0.26124.0
Project("{9A19103F-16F7-4668-BE54-9A1E7A4F7556}") = "BrewHub.Common", "src\BrewHub.Common\BrewHub.Common.csproj", "{46ABF4EC-F7FB-4AE9-BBE9-68D13CC86263}"
EndProject
Project("{9A19103F-16F7-4668-BE54-9A1E7A4F7556}") = "BrewHub.UnitTests", "test\BrewHub.UnitTests\BrewHub.UnitTests.csproj", "{FE7330F2-46E3-4025-88CC-72C4106DC6A2}"
EndProject
Project("{2150E333-8FDC-42A3-9474-1A3956D46DE8}") = "src", "src", "{A3786904-916A-463B-BF9E-894C73E4D933}"
EndProject
Project("{2150E333-8FDC-42A3-9474-1A3956D46DE8}") = "test", "test", "{BF732C51-A852-4F13-9A26-B39D6E966361}"
EndProject
Global
	GlobalSection(SolutionConfigurationPlatforms) = preSolution
		Debug|Any CPU = Debug|Any CPU
		Debug|x64 = Debug|x64
		Debug|x86 = Debug|x86
		Release|Any CPU = Release|Any CPU
		Release|x64 = Release|x64
		Release|x86 = Release|x86
	EndGlobalSection
	GlobalSection(ProjectConfigurationPlatforms) = postSolution
		{46ABF4EC-F7FB-4AE9-BBE9-68D13CC86263}.Debug|Any CPU.ActiveCfg = Debug|Any CPU
		{46ABF4EC-F7FB-4AE9-BBE9-68D13CC86263}.Debug|Any CPU.Build.0 = Debug|Any CPU
		{46ABF4EC-F7FB-4AE9-BBE9-68D13CC86263}.Debug|x64.ActiveCfg = Debug|Any CPU
		{46ABF4EC-F7FB-4AE9-BBE9-68D13CC86263}.Debug|x64.Build.0 = Debug|Any CPU
		{46ABF4EC-F7FB-4AE9-BBE9-68D13CC86263}.Debug|x86.ActiveCfg = Debug|Any CPU
		{46ABF4EC-F7FB-4AE9-BBE9-68D13CC86263}.Debug|x86.Build.0 = Debug|Any CPU
		{46ABF4EC-F7FB-4AE9-BBE9-68D13CC86263}.Release|Any CPU.ActiveCfg = Release|Any CPU
		{46ABF4EC-F7FB-4AE9-BBE9-68D13CC86263}.Release|Any CPU.Build.0 = Release|Any CPU
		{46ABF4EC-F7FB-4AE9-BBE9-68D13CC86263}.Release|x64.ActiveCfg = Release|Any CPU
		{46ABF4EC-F7FB-4AE9-BBE9-68D13CC86263}.Release|x64.Build.0 = Release|Any CPU
		{46ABF4EC-F7FB-4AE9-BBE9-68D13CC86263}.Release|x86.ActiveCfg = Release|Any CPU
		{46ABF4EC-F7FB-4AE9-BBE9-68D13CC86263}.Release|x86.Build.0 = Release|Any CPU
		{FE7330F2-46E3-4025-88CC-72C4106DC6A2}.Debug|Any CPU.ActiveCfg = Debug|Any CPU
		{FE7330F2-46E3-4025-88CC-72C4106DC6A2}.Debug|Any CPU.Build.0 = Debug|Any CPU
		{FE7330F2-46E3-4025-88CC-72C4106DC6A2}.Debug|x64.ActiveCfg = Debug|Any CPU
		{FE7330F2-46E3-4025-88CC-72C4106DC6A2}.Debug|x64.Build.0 = Debug|Any CPU
		{FE7330F2-46E3-4025-88CC-72C4106DC6A2}.Debug|x86.ActiveCfg = Debug|Any CPU
		{FE7330F2-46E3-4025-88CC-72C4106DC6A2}.Debug|x86.Build.0 = Debug|Any CPU
		{FE7330F2-46E3-4025-88CC-72C4106DC6A2}.Release|Any CPU.ActiveCfg = Release|Any CPU
		{FE7330F2-46E3-4025-88CC-72C4106DC6A2}.Release|Any CPU.Build.0 = Release|Any CPU
		{FE7330F2-46E3-4025-88CC-72C4106DC6A2}.Release|x64.ActiveCfg = Release|Any CPU
		{FE7330F2-46E3-4025-88CC-72C4106DC6A2}.Release|x64.Build.0 = Release|Any CPU
		{FE7330F2-46E3-4025-88CC-72C4106DC6A2}.Release|x86.ActiveCfg = Release|Any CPU
		{FE7330F2-46E3-4025-88CC-72C4106DC6A2}.Release|x86.Build.0 = Release|Any CPU
	EndGlobalSection
	GlobalSection(SolutionProperties) = preSolution
		HideSolutionNode = FALSE
	EndGlobalSection
	GlobalSection(NestedProjects) = preSolution
		{46ABF4EC-F7FB-4AE9-BBE9-68D13CC86263} = {A3786904-916A-463B-BF9E-894C73E4D933}
		{FE7330F2-46E3-4025-88CC-72C4106DC6A2} = {BF732C51-A852-4F13-9A26-B39D6E966361}
	EndGlobalSection
	GlobalSection(ExtensibilityGlobals) = postSolution
		SolutionGuid = {10F8F7BD-B798-49F9-B5B9-A2F46597FB23}
	EndGlobalSection
EndGlobal
